
Microsoft Visual Studio Solution File, Format Version 12.00
# Visual Studio Version 16
VisualStudioVersion = 16.0.31410.357
MinimumVisualStudioVersion = 10.0.40219.1
Project("{9A19103F-16F7-4668-BE54-9A1E7A4F7556}") = "DutchTreat", "DutchTreat.csproj", "{4941EEBC-5F0E-4F21-919D-E668D9D480EF}"
EndProject
Project("{9A19103F-16F7-4668-BE54-9A1E7A4F7556}") = "Module7DutchTreat", "..\zDutchTreatPluralsightCourseFiles\07\demos\demos\3.1\after\DutchTreat\Module7DutchTreat.csproj", "{6774FF4A-294A-44C8-8422-D41DDA8057F4}"
EndProject
Project("{9A19103F-16F7-4668-BE54-9A1E7A4F7556}") = "Module8DutchTreat", "..\zDutchTreatPluralsightCourseFiles\08\demos\demos\3.1\after\DutchTreat\Module8DutchTreat.csproj", "{46E1B975-25BE-4585-84E4-2BE596BEC748}"
EndProject
Global
	GlobalSection(SolutionConfigurationPlatforms) = preSolution
		Debug|Any CPU = Debug|Any CPU
		Release|Any CPU = Release|Any CPU
	EndGlobalSection
	GlobalSection(ProjectConfigurationPlatforms) = postSolution
		{4941EEBC-5F0E-4F21-919D-E668D9D480EF}.Debug|Any CPU.ActiveCfg = Debug|Any CPU
		{4941EEBC-5F0E-4F21-919D-E668D9D480EF}.Debug|Any CPU.Build.0 = Debug|Any CPU
		{4941EEBC-5F0E-4F21-919D-E668D9D480EF}.Release|Any CPU.ActiveCfg = Release|Any CPU
		{4941EEBC-5F0E-4F21-919D-E668D9D480EF}.Release|Any CPU.Build.0 = Release|Any CPU
		{6774FF4A-294A-44C8-8422-D41DDA8057F4}.Debug|Any CPU.ActiveCfg = Debug|Any CPU
		{6774FF4A-294A-44C8-8422-D41DDA8057F4}.Debug|Any CPU.Build.0 = Debug|Any CPU
		{6774FF4A-294A-44C8-8422-D41DDA8057F4}.Release|Any CPU.ActiveCfg = Release|Any CPU
		{6774FF4A-294A-44C8-8422-D41DDA8057F4}.Release|Any CPU.Build.0 = Release|Any CPU
		{46E1B975-25BE-4585-84E4-2BE596BEC748}.Debug|Any CPU.ActiveCfg = Debug|Any CPU
		{46E1B975-25BE-4585-84E4-2BE596BEC748}.Debug|Any CPU.Build.0 = Debug|Any CPU
		{46E1B975-25BE-4585-84E4-2BE596BEC748}.Release|Any CPU.ActiveCfg = Release|Any CPU
		{46E1B975-25BE-4585-84E4-2BE596BEC748}.Release|Any CPU.Build.0 = Release|Any CPU
	EndGlobalSection
	GlobalSection(SolutionProperties) = preSolution
		HideSolutionNode = FALSE
	EndGlobalSection
	GlobalSection(ExtensibilityGlobals) = postSolution
		SolutionGuid = {28F09E70-9647-4D26-AFFE-018D4B6468EF}
	EndGlobalSection
EndGlobal
